
Microsoft Visual Studio Solution File, Format Version 12.00
# Visual Studio Version 17
VisualStudioVersion = 17.6.33801.468
MinimumVisualStudioVersion = 10.0.40219.1
Project("{9A19103F-16F7-4668-BE54-9A1E7A4F7556}") = "Data", "Data\Data.csproj", "{F509AC2B-4431-4892-9EF9-4546A150A5E0}"
EndProject
Project("{54A90642-561A-4BB1-A94E-469ADEE60C69}") = "HomeSeeker.Page", "HomeSeeker.Page\HomeSeeker.Page.esproj", "{563F893B-765D-4E80-ADB4-EEC3835EC39A}"
EndProject
Project("{FAE04EC0-301F-11D3-BF4B-00C04F79EFBC}") = "HomeSeeker.API", "HomeSeeker.API\HomeSeeker.API.csproj", "{9179F7D3-E57C-49A9-AD30-C0F65A70F01E}"
EndProject
Global
	GlobalSection(SolutionConfigurationPlatforms) = preSolution
		Debug|Any CPU = Debug|Any CPU
		Release|Any CPU = Release|Any CPU
	EndGlobalSection
	GlobalSection(ProjectConfigurationPlatforms) = postSolution
		{F509AC2B-4431-4892-9EF9-4546A150A5E0}.Debug|Any CPU.ActiveCfg = Debug|Any CPU
		{F509AC2B-4431-4892-9EF9-4546A150A5E0}.Debug|Any CPU.Build.0 = Debug|Any CPU
		{F509AC2B-4431-4892-9EF9-4546A150A5E0}.Release|Any CPU.ActiveCfg = Release|Any CPU
		{F509AC2B-4431-4892-9EF9-4546A150A5E0}.Release|Any CPU.Build.0 = Release|Any CPU
		{563F893B-765D-4E80-ADB4-EEC3835EC39A}.Debug|Any CPU.ActiveCfg = Debug|Any CPU
		{563F893B-765D-4E80-ADB4-EEC3835EC39A}.Debug|Any CPU.Build.0 = Debug|Any CPU
		{563F893B-765D-4E80-ADB4-EEC3835EC39A}.Debug|Any CPU.Deploy.0 = Debug|Any CPU
		{563F893B-765D-4E80-ADB4-EEC3835EC39A}.Release|Any CPU.ActiveCfg = Release|Any CPU
		{563F893B-765D-4E80-ADB4-EEC3835EC39A}.Release|Any CPU.Build.0 = Release|Any CPU
		{563F893B-765D-4E80-ADB4-EEC3835EC39A}.Release|Any CPU.Deploy.0 = Release|Any CPU
		{9179F7D3-E57C-49A9-AD30-C0F65A70F01E}.Debug|Any CPU.ActiveCfg = Debug|Any CPU
		{9179F7D3-E57C-49A9-AD30-C0F65A70F01E}.Debug|Any CPU.Build.0 = Debug|Any CPU
		{9179F7D3-E57C-49A9-AD30-C0F65A70F01E}.Release|Any CPU.ActiveCfg = Release|Any CPU
		{9179F7D3-E57C-49A9-AD30-C0F65A70F01E}.Release|Any CPU.Build.0 = Release|Any CPU
	EndGlobalSection
	GlobalSection(SolutionProperties) = preSolution
		HideSolutionNode = FALSE
	EndGlobalSection
	GlobalSection(ExtensibilityGlobals) = postSolution
		SolutionGuid = {31CB5D3F-85AD-4457-85C5-08D085DCBA3E}
	EndGlobalSection
EndGlobal
